lockfileVersion: '9.0'

settings:
  autoInstallPeers: true
  excludeLinksFromLockfile: false

importers:

  .:
    dependencies:
      '@hono/node-server':
        specifier: ^1.19.5
        version: 1.19.5(hono@4.9.10)
      hono:
        specifier: ^4.9.10
        version: 4.9.10

packages:

  '@hono/node-server@1.19.5':
    resolution: {integrity: sha512-iBuhh+uaaggeAuf+TftcjZyWh2GEgZcVGXkNtskLVoWaXhnJtC5HLHrU8W1KHDoucqO1MswwglmkWLFyiDn4WQ==}
    engines: {node: '>=18.14.1'}
    peerDependencies:
      hono: ^4

  hono@4.9.10:
    resolution: {integrity: sha512-AlI15ijFyKTXR7eHo7QK7OR4RoKIedZvBuRjO8iy4zrxvlY5oFCdiRG/V/lFJHCNXJ0k72ATgnyzx8Yqa5arug==}
    engines: {node: '>=16.9.0'}

snapshots:

  '@hono/node-server@1.19.5(hono@4.9.10)':
    dependencies:
      hono: 4.9.10

  hono@4.9.10: {}
